// !$*UTF8*$!
{
	archiveVersion = 1;
	classes = {
	};
	objectVersion = 56;
	objects = {

/* Begin PBXBuildFile section */
		2075C3402BFDC53200D2EEE9 /* Dock_Icon_HiderApp.swift in Sources */ = {isa = PBXBuildFile; fileRef = 2075C33F2BFDC53200D2EEE9 /* Dock_Icon_HiderApp.swift */; };
		2075C3422BFDC53200D2EEE9 /* ContentView.swift in Sources */ = {isa = PBXBuildFile; fileRef = 2075C3412BFDC53200D2EEE9 /* ContentView.swift */; };
		2075C3442BFDC53400D2EEE9 /* Assets.xcassets in Resources */ = {isa = PBXBuildFile; fileRef = 2075C3432BFDC53400D2EEE9 /* Assets.xcassets */; };
		2075C3472BFDC53400D2EEE9 /* Preview Assets.xcassets in Resources */ = {isa = PBXBuildFile; fileRef = 2075C3462BFDC53400D2EEE9 /* Preview Assets.xcassets */; };
		2075C3502BFDC65000D2EEE9 /* ExtensionKit in Frameworks */ = {isa = PBXBuildFile; productRef = 2075C34F2BFDC65000D2EEE9 /* ExtensionKit */; };
		2075C3532BFDC85A00D2EEE9 /* PListKit in Frameworks */ = {isa = PBXBuildFile; productRef = 2075C3522BFDC85A00D2EEE9 /* PListKit */; };
		2075C3552BFDC86C00D2EEE9 /* IconHider.swift in Sources */ = {isa = PBXBuildFile; fileRef = 2075C3542BFDC86C00D2EEE9 /* IconHider.swift */; };
		2075C3572BFDF13B00D2EEE9 /* ResignView.swift in Sources */ = {isa = PBXBuildFile; fileRef = 2075C3562BFDF13B00D2EEE9 /* ResignView.swift */; };
		20F133552BFED76100F78E23 /* Extension+Process.swift in Sources */ = {isa = PBXBuildFile; fileRef = 20F133542BFED76100F78E23 /* Extension+Process.swift */; };
		20F133572BFED77400F78E23 /* Extension+String.swift in Sources */ = {isa = PBXBuildFile; fileRef = 20F133562BFED77400F78E23 /* Extension+String.swift */; };
/* End PBXBuildFile section */

/* Begin PBXFileReference section */
		20644FF52BFF29690023A902 /* README.md */ = {isa = PBXFileReference; lastKnownFileType = net.daringfireball.markdown; path = README.md; sourceTree = "<group>"; };
		2075C33C2BFDC53200D2EEE9 /* Dock Icon Hider.app */ = {isa = PBXFileReference; explicitFileType = wrapper.application; includeInIndex = 0; path = "Dock Icon Hider.app"; sourceTree = BUILT_PRODUCTS_DIR; };
		2075C33F2BFDC53200D2EEE9 /* Dock_Icon_HiderApp.swift */ = {isa = PBXFileReference; lastKnownFileType = sourcecode.swift; path = Dock_Icon_HiderApp.swift; sourceTree = "<group>"; };
		2075C3412BFDC53200D2EEE9 /* ContentView.swift */ = {isa = PBXFileReference; lastKnownFileType = sourcecode.swift; path = ContentView.swift; sourceTree = "<group>"; };
		2075C3432BFDC53400D2EEE9 /* Assets.xcassets */ = {isa = PBXFileReference; lastKnownFileType = folder.assetcatalog; path = Assets.xcassets; sourceTree = "<group>"; };
		2075C3462BFDC53400D2EEE9 /* Preview Assets.xcassets */ = {isa = PBXFileReference; lastKnownFileType = folder.assetcatalog; path = "Preview Assets.xcassets"; sourceTree = "<group>"; };
		2075C3482BFDC53400D2EEE9 /* Dock_Icon_Hider.entitlements */ = {isa = PBXFileReference; lastKnownFileType = text.plist.entitlements; path = Dock_Icon_Hider.entitlements; sourceTree = "<group>"; };
		2075C3542BFDC86C00D2EEE9 /* IconHider.swift */ = {isa = PBXFileReference; lastKnownFileType = sourcecode.swift; path = IconHider.swift; sourceTree = "<group>"; };
		2075C3562BFDF13B00D2EEE9 /* ResignView.swift */ = {isa = PBXFileReference; lastKnownFileType = sourcecode.swift; path = ResignView.swift; sourceTree = "<group>"; };
		20F133542BFED76100F78E23 /* Extension+Process.swift */ = {isa = PBXFileReference; lastKnownFileType = sourcecode.swift; path = "Extension+Process.swift"; sourceTree = "<group>"; };
		20F133562BFED77400F78E23 /* Extension+String.swift */ = {isa = PBXFileReference; lastKnownFileType = sourcecode.swift; path = "Extension+String.swift"; sourceTree = "<group>"; };
/* End PBXFileReference section */

/* Begin PBXFrameworksBuildPhase section */
		2075C3392BFDC53200D2EEE9 /* Frameworks */ = {
			isa = PBXFrameworksBuildPhase;
			buildActionMask = 2147483647;
			files = (
				2075C3532BFDC85A00D2EEE9 /* PListKit in Frameworks */,
				2075C3502BFDC65000D2EEE9 /* ExtensionKit in Frameworks */,
			);
			runOnlyForDeploymentPostprocessing = 0;
		};
/* End PBXFrameworksBuildPhase section */

/* Begin PBXGroup section */
		2075C3332BFDC53200D2EEE9 = {
			isa = PBXGroup;
			children = (
				20644FF52BFF29690023A902 /* README.md */,
				2075C33E2BFDC53200D2EEE9 /* Dock Icon Hider */,
				2075C33D2BFDC53200D2EEE9 /* Products */,
			);
			sourceTree = "<group>";
		};
		2075C33D2BFDC53200D2EEE9 /* Products */ = {
			isa = PBXGroup;
			children = (
				2075C33C2BFDC53200D2EEE9 /* Dock Icon Hider.app */,
			);
			name = Products;
			sourceTree = "<group>";
		};
		2075C33E2BFDC53200D2EEE9 /* Dock Icon Hider */ = {
			isa = PBXGroup;
			children = (
				2075C33F2BFDC53200D2EEE9 /* Dock_Icon_HiderApp.swift */,
				20F1335A2BFED78900F78E23 /* Views */,
				20F133592BFED78400F78E23 /* Classes */,
				20F133582BFED77B00F78E23 /* Extensions */,
				2075C3432BFDC53400D2EEE9 /* Assets.xcassets */,
				2075C3482BFDC53400D2EEE9 /* Dock_Icon_Hider.entitlements */,
				2075C3452BFDC53400D2EEE9 /* Preview Content */,
			);
			path = "Dock Icon Hider";
			sourceTree = "<group>";
		};
		2075C3452BFDC53400D2EEE9 /* Preview Content */ = {
			isa = PBXGroup;
			children = (
				2075C3462BFDC53400D2EEE9 /* Preview Assets.xcassets */,
			);
			path = "Preview Content";
			sourceTree = "<group>";
		};
		20F133582BFED77B00F78E23 /* Extensions */ = {
			isa = PBXGroup;
			children = (
				20F133542BFED76100F78E23 /* Extension+Process.swift */,
				20F133562BFED77400F78E23 /* Extension+String.swift */,
			);
			path = Extensions;
			sourceTree = "<group>";
		};
		20F133592BFED78400F78E23 /* Classes */ = {
			isa = PBXGroup;
			children = (
				2075C3542BFDC86C00D2EEE9 /* IconHider.swift */,
			);
			path = Classes;
			sourceTree = "<group>";
		};
		20F1335A2BFED78900F78E23 /* Views */ = {
			isa = PBXGroup;
			children = (
				2075C3412BFDC53200D2EEE9 /* ContentView.swift */,
				2075C3562BFDF13B00D2EEE9 /* ResignView.swift */,
			);
			path = Views;
			sourceTree = "<group>";
		};
/* End PBXGroup section */

/* Begin PBXNativeTarget section */
		2075C33B2BFDC53200D2EEE9 /* Dock Icon Hider */ = {
			isa = PBXNativeTarget;
			buildConfigurationList = 2075C34B2BFDC53400D2EEE9 /* Build configuration list for PBXNativeTarget "Dock Icon Hider" */;
			buildPhases = (
				2075C3382BFDC53200D2EEE9 /* Sources */,
				2075C3392BFDC53200D2EEE9 /* Frameworks */,
				2075C33A2BFDC53200D2EEE9 /* Resources */,
			);
			buildRules = (
			);
			dependencies = (
			);
			name = "Dock Icon Hider";
			packageProductDependencies = (
				2075C34F2BFDC65000D2EEE9 /* ExtensionKit */,
				2075C3522BFDC85A00D2EEE9 /* PListKit */,
			);
			productName = "Dock Icon Hider";
			productReference = 2075C33C2BFDC53200D2EEE9 /* Dock Icon Hider.app */;
			productType = "com.apple.product-type.application";
		};
/* End PBXNativeTarget section */

/* Begin PBXProject section */
		2075C3342BFDC53200D2EEE9 /* Project object */ = {
			isa = PBXProject;
			attributes = {
				BuildIndependentTargetsInParallel = 1;
				LastSwiftUpdateCheck = 1530;
				LastUpgradeCheck = 1530;
				TargetAttributes = {
					2075C33B2BFDC53200D2EEE9 = {
						CreatedOnToolsVersion = 15.3;
					};
				};
			};
			buildConfigurationList = 2075C3372BFDC53200D2EEE9 /* Build configuration list for PBXProject "Dock Icon Hider" */;
			compatibilityVersion = "Xcode 14.0";
			developmentRegion = en;
			hasScannedForEncodings = 0;
			knownRegions = (
				en,
				Base,
			);
			mainGroup = 2075C3332BFDC53200D2EEE9;
			packageReferences = (
				2075C34E2BFDC65000D2EEE9 /* XCRemoteSwiftPackageReference "ExtensionKit" */,
				2075C3512BFDC85A00D2EEE9 /* XCRemoteSwiftPackageReference "PListKit" */,
			);
			productRefGroup = 2075C33D2BFDC53200D2EEE9 /* Products */;
			projectDirPath = "";
			projectRoot = "";
			targets = (
				2075C33B2BFDC53200D2EEE9 /* Dock Icon Hider */,
			);
		};
/* End PBXProject section */

/* Begin PBXResourcesBuildPhase section */
		2075C33A2BFDC53200D2EEE9 /* Resources */ = {
			isa = PBXResourcesBuildPhase;
			buildActionMask = 2147483647;
			files = (
				2075C3472BFDC53400D2EEE9 /* Preview Assets.xcassets in Resources */,
				2075C3442BFDC53400D2EEE9 /* Assets.xcassets in Resources */,
			);
			runOnlyForDeploymentPostprocessing = 0;
		};
/* End PBXResourcesBuildPhase section */

/* Begin PBXSourcesBuildPhase section */
		2075C3382BFDC53200D2EEE9 /* Sources */ = {
			isa = PBXSourcesBuildPhase;
			buildActionMask = 2147483647;
			files = (
				20F133552BFED76100F78E23 /* Extension+Process.swift in Sources */,
				2075C3422BFDC53200D2EEE9 /* ContentView.swift in Sources */,
				20F133572BFED77400F78E23 /* Extension+String.swift in Sources */,
				2075C3402BFDC53200D2EEE9 /* Dock_Icon_HiderApp.swift in Sources */,
				2075C3572BFDF13B00D2EEE9 /* ResignView.swift in Sources */,
				2075C3552BFDC86C00D2EEE9 /* IconHider.swift in Sources */,
			);
			runOnlyForDeploymentPostprocessing = 0;
		};
/* End PBXSourcesBuildPhase section */

/* Begin XCBuildConfiguration section */
		2075C3492BFDC53400D2EEE9 /* Debug */ = {
			isa = XCBuildConfiguration;
			buildSettings = {
				ALWAYS_SEARCH_USER_PATHS = NO;
				ASSETCATALOG_COMPILER_GENERATE_SWIFT_ASSET_SYMBOL_EXTENSIONS = YES;
				CLANG_ANALYZER_NONNULL = YES;
				CLANG_ANALYZER_NUMBER_OBJECT_CONVERSION = YES_AGGRESSIVE;
				CLANG_CXX_LANGUAGE_STANDARD = "gnu++20";
				CLANG_ENABLE_MODULES = YES;
				CLANG_ENABLE_OBJC_ARC = YES;
				CLANG_ENABLE_OBJC_WEAK = YES;
				CLANG_WARN_BLOCK_CAPTURE_AUTORELEASING = YES;
				CLANG_WARN_BOOL_CONVERSION = YES;
				CLANG_WARN_COMMA = YES;
				CLANG_WARN_CONSTANT_CONVERSION = YES;
				CLANG_WARN_DEPRECATED_OBJC_IMPLEMENTATIONS = YES;
				CLANG_WARN_DIRECT_OBJC_ISA_USAGE = YES_ERROR;
				CLANG_WARN_DOCUMENTATION_COMMENTS = YES;
				CLANG_WARN_EMPTY_BODY = YES;
				CLANG_WARN_ENUM_CONVERSION = YES;
				CLANG_WARN_INFINITE_RECURSION = YES;
				CLANG_WARN_INT_CONVERSION = YES;
				CLANG_WARN_NON_LITERAL_NULL_CONVERSION = YES;
				CLANG_WARN_OBJC_IMPLICIT_RETAIN_SELF = YES;
				CLANG_WARN_OBJC_LITERAL_CONVERSION = YES;
				CLANG_WARN_OBJC_ROOT_CLASS = YES_ERROR;
				CLANG_WARN_QUOTED_INCLUDE_IN_FRAMEWORK_HEADER = YES;
				CLANG_WARN_RANGE_LOOP_ANALYSIS = YES;
				CLANG_WARN_STRICT_PROTOTYPES = YES;
				CLANG_WARN_SUSPICIOUS_MOVE = YES;
				CLANG_WARN_UNGUARDED_AVAILABILITY = YES_AGGRESSIVE;
				CLANG_WARN_UNREACHABLE_CODE = YES;
				CLANG_WARN__DUPLICATE_METHOD_MATCH = YES;
				COPY_PHASE_STRIP = NO;
				DEBUG_INFORMATION_FORMAT = dwarf;
				ENABLE_STRICT_OBJC_MSGSEND = YES;
				ENABLE_TESTABILITY = YES;
				ENABLE_USER_SCRIPT_SANDBOXING = YES;
				GCC_C_LANGUAGE_STANDARD = gnu17;
				GCC_DYNAMIC_NO_PIC = NO;
				GCC_NO_COMMON_BLOCKS = YES;
				GCC_OPTIMIZATION_LEVEL = 0;
				GCC_PREPROCESSOR_DEFINITIONS = (
					"DEBUG=1",
					"$(inherited)",
				);
				GCC_WARN_64_TO_32_BIT_CONVERSION = YES;
				GCC_WARN_ABOUT_RETURN_TYPE = YES_ERROR;
				GCC_WARN_UNDECLARED_SELECTOR = YES;
				GCC_WARN_UNINITIALIZED_AUTOS = YES_AGGRESSIVE;
				GCC_WARN_UNUSED_FUNCTION = YES;
				GCC_WARN_UNUSED_VARIABLE = YES;
				LOCALIZATION_PREFERS_STRING_CATALOGS = YES;
				MACOSX_DEPLOYMENT_TARGET = 14.0;
				MTL_ENABLE_DEBUG_INFO = INCLUDE_SOURCE;
				MTL_FAST_MATH = YES;
				ONLY_ACTIVE_ARCH = YES;
				SDKROOT = macosx;
				SWIFT_ACTIVE_COMPILATION_CONDITIONS = "DEBUG $(inherited)";
				SWIFT_OPTIMIZATION_LEVEL = "-Onone";
			};
			name = Debug;
		};
		2075C34A2BFDC53400D2EEE9 /* Release */ = {
			isa = XCBuildConfiguration;
			buildSettings = {
				ALWAYS_SEARCH_USER_PATHS = NO;
				ASSETCATALOG_COMPILER_GENERATE_SWIFT_ASSET_SYMBOL_EXTENSIONS = YES;
				CLANG_ANALYZER_NONNULL = YES;
				CLANG_ANALYZER_NUMBER_OBJECT_CONVERSION = YES_AGGRESSIVE;
				CLANG_CXX_LANGUAGE_STANDARD = "gnu++20";
				CLANG_ENABLE_MODULES = YES;
				CLANG_ENABLE_OBJC_ARC = YES;
				CLANG_ENABLE_OBJC_WEAK = YES;
				CLANG_WARN_BLOCK_CAPTURE_AUTORELEASING = YES;
				CLANG_WARN_BOOL_CONVERSION = YES;
				CLANG_WARN_COMMA = YES;
				CLANG_WARN_CONSTANT_CONVERSION = YES;
				CLANG_WARN_DEPRECATED_OBJC_IMPLEMENTATIONS = YES;
				CLANG_WARN_DIRECT_OBJC_ISA_USAGE = YES_ERROR;
				CLANG_WARN_DOCUMENTATION_COMMENTS = YES;
				CLANG_WARN_EMPTY_BODY = YES;
				CLANG_WARN_ENUM_CONVERSION = YES;
				CLANG_WARN_INFINITE_RECURSION = YES;
				CLANG_WARN_INT_CONVERSION = YES;
				CLANG_WARN_NON_LITERAL_NULL_CONVERSION = YES;
				CLANG_WARN_OBJC_IMPLICIT_RETAIN_SELF = YES;
				CLANG_WARN_OBJC_LITERAL_CONVERSION = YES;
				CLANG_WARN_OBJC_ROOT_CLASS = YES_ERROR;
				CLANG_WARN_QUOTED_INCLUDE_IN_FRAMEWORK_HEADER = YES;
				CLANG_WARN_RANGE_LOOP_ANALYSIS = YES;
				CLANG_WARN_STRICT_PROTOTYPES = YES;
				CLANG_WARN_SUSPICIOUS_MOVE = YES;
				CLANG_WARN_UNGUARDED_AVAILABILITY = YES_AGGRESSIVE;
				CLANG_WARN_UNREACHABLE_CODE = YES;
				CLANG_WARN__DUPLICATE_METHOD_MATCH = YES;
				COPY_PHASE_STRIP = NO;
				DEBUG_INFORMATION_FORMAT = "dwarf-with-dsym";
				ENABLE_NS_ASSERTIONS = NO;
				ENABLE_STRICT_OBJC_MSGSEND = YES;
				ENABLE_USER_SCRIPT_SANDBOXING = YES;
				GCC_C_LANGUAGE_STANDARD = gnu17;
				GCC_NO_COMMON_BLOCKS = YES;
				GCC_WARN_64_TO_32_BIT_CONVERSION = YES;
				GCC_WARN_ABOUT_RETURN_TYPE = YES_ERROR;
				GCC_WARN_UNDECLARED_SELECTOR = YES;
				GCC_WARN_UNINITIALIZED_AUTOS = YES_AGGRESSIVE;
				GCC_WARN_UNUSED_FUNCTION = YES;
				GCC_WARN_UNUSED_VARIABLE = YES;
				LOCALIZATION_PREFERS_STRING_CATALOGS = YES;
				MACOSX_DEPLOYMENT_TARGET = 14.0;
				MTL_ENABLE_DEBUG_INFO = NO;
				MTL_FAST_MATH = YES;
				SDKROOT = macosx;
				SWIFT_COMPILATION_MODE = wholemodule;
			};
			name = Release;
		};
		2075C34C2BFDC53400D2EEE9 /* Debug */ = {
			isa = XCBuildConfiguration;
			buildSettings = {
				ASSETCATALOG_COMPILER_APPICON_NAME = AppIcon;
				ASSETCATALOG_COMPILER_GLOBAL_ACCENT_COLOR_NAME = AccentColor;
				CODE_SIGN_ENTITLEMENTS = "Dock Icon Hider/Dock_Icon_Hider.entitlements";
				CODE_SIGN_STYLE = Automatic;
				COMBINE_HIDPI_IMAGES = YES;
				CURRENT_PROJECT_VERSION = 1;
				DEVELOPMENT_ASSET_PATHS = "\"Dock Icon Hider/Preview Content\"";
				DEVELOPMENT_TEAM = KM2C4ZAVPJ;
				ENABLE_HARDENED_RUNTIME = YES;
				ENABLE_PREVIEWS = YES;
				GENERATE_INFOPLIST_FILE = YES;
				INFOPLIST_KEY_NSHumanReadableCopyright = "";
				LD_RUNPATH_SEARCH_PATHS = (
					"$(inherited)",
					"@executable_path/../Frameworks",
				);
				MARKETING_VERSION = 1.0;
				PRODUCT_BUNDLE_IDENTIFIER = "com.pattonium.scripts.Dock-Icon-Hider";
				PRODUCT_NAME = "$(TARGET_NAME)";
				SWIFT_EMIT_LOC_STRINGS = YES;
				SWIFT_VERSION = 5.0;
			};
			name = Debug;
		};
		2075C34D2BFDC53400D2EEE9 /* Release */ = {
			isa = XCBuildConfiguration;
			buildSettings = {
				ASSETCATALOG_COMPILER_APPICON_NAME = AppIcon;
				ASSETCATALOG_COMPILER_GLOBAL_ACCENT_COLOR_NAME = AccentColor;
				CODE_SIGN_ENTITLEMENTS = "Dock Icon Hider/Dock_Icon_Hider.entitlements";
				CODE_SIGN_STYLE = Automatic;
				COMBINE_HIDPI_IMAGES = YES;
				CURRENT_PROJECT_VERSION = 1;
				DEVELOPMENT_ASSET_PATHS = "\"Dock Icon Hider/Preview Content\"";
				DEVELOPMENT_TEAM = KM2C4ZAVPJ;
				ENABLE_HARDENED_RUNTIME = YES;
				ENABLE_PREVIEWS = YES;
				GENERATE_INFOPLIST_FILE = YES;
				INFOPLIST_KEY_NSHumanReadableCopyright = "";
				LD_RUNPATH_SEARCH_PATHS = (
					"$(inherited)",
					"@executable_path/../Frameworks",
				);
				MARKETING_VERSION = 1.0;
				PRODUCT_BUNDLE_IDENTIFIER = "com.pattonium.scripts.Dock-Icon-Hider";
				PRODUCT_NAME = "$(TARGET_NAME)";
				SWIFT_EMIT_LOC_STRINGS = YES;
				SWIFT_VERSION = 5.0;
			};
			name = Release;
		};
/* End XCBuildConfiguration section */

/* Begin XCConfigurationList section */
		2075C3372BFDC53200D2EEE9 /* Build configuration list for PBXProject "Dock Icon Hider" */ = {
			isa = XCConfigurationList;
			buildConfigurations = (
				2075C3492BFDC53400D2EEE9 /* Debug */,
				2075C34A2BFDC53400D2EEE9 /* Release */,
			);
			defaultConfigurationIsVisible = 0;
			defaultConfigurationName = Release;
		};
		2075C34B2BFDC53400D2EEE9 /* Build configuration list for PBXNativeTarget "Dock Icon Hider" */ = {
			isa = XCConfigurationList;
			buildConfigurations = (
				2075C34C2BFDC53400D2EEE9 /* Debug */,
				2075C34D2BFDC53400D2EEE9 /* Release */,
			);
			defaultConfigurationIsVisible = 0;
			defaultConfigurationName = Release;
		};
/* End XCConfigurationList section */

/* Begin XCRemoteSwiftPackageReference section */
		2075C34E2BFDC65000D2EEE9 /* XCRemoteSwiftPackageReference "ExtensionKit" */ = {
			isa = XCRemoteSwiftPackageReference;
			repositoryURL = "https://github.com/johnbean393/ExtensionKit";
			requirement = {
				branch = main;
				kind = branch;
			};
		};
		2075C3512BFDC85A00D2EEE9 /* XCRemoteSwiftPackageReference "PListKit" */ = {
			isa = XCRemoteSwiftPackageReference;
			repositoryURL = "https://github.com/orchetect/PListKit";
			requirement = {
				kind = upToNextMajorVersion;
				minimumVersion = 2.0.2;
			};
		};
/* End XCRemoteSwiftPackageReference section */

/* Begin XCSwiftPackageProductDependency section */
		2075C34F2BFDC65000D2EEE9 /* ExtensionKit */ = {
			isa = XCSwiftPackageProductDependency;
			package = 2075C34E2BFDC65000D2EEE9 /* XCRemoteSwiftPackageReference "ExtensionKit" */;
			productName = ExtensionKit;
		};
		2075C3522BFDC85A00D2EEE9 /* PListKit */ = {
			isa = XCSwiftPackageProductDependency;
			package = 2075C3512BFDC85A00D2EEE9 /* XCRemoteSwiftPackageReference "PListKit" */;
			productName = PListKit;
		};
/* End XCSwiftPackageProductDependency section */
	};
	rootObject = 2075C3342BFDC53200D2EEE9 /* Project object */;
}
